{
  "name": "My-Todo-App",
  "lockfileVersion": 3,
  "requires": true,
  "packages": {
    "": {
      "dependencies": {
        "calendar": "^0.1.1",
        "react": "^19.1.1"
      }
    },
    "node_modules/calendar": {
      "version": "0.1.1",
      "resolved": "https://registry.npmjs.org/calendar/-/calendar-0.1.1.tgz",
      "integrity": "sha512-CExn+MxSU1pCsjYiS+Cx8d1MtIZqezxRhpIu8odr1oqvYG/0C1m8lvehHxTl1FslgKbOD7Z5QuEcyk8sGgpZLQ==",
      "license": "MIT"
    },
    "node_modules/react": {
      "version": "19.1.1",
      "resolved": "https://registry.npmjs.org/react/-/react-19.1.1.tgz",
      "integrity": "sha512-w8nqGImo45dmMIfljjMwOGtbmC/mk4CMYhWIicdSflH91J9TyCyczcPFXJzrZ/ZXcgGRFeP6BU0BEJTw6tZdfQ==",
      "license": "MIT",
      "engines": {
        "node": ">=0.10.0"
      }
    }
  }
}
